<Solution>
  <Folder Name="/src/">
    <Project Path="src/BiscuitSharp/BiscuitSharp.csproj" />
  </Folder>
  <Folder Name="/tests/">
    <Project Path="tests/BiscuitSharp.ApiSurface/BiscuitSharp.ApiSurface.csproj" />
    <Project Path="tests/BiscuitSharp.BudgetProbe/BiscuitSharp.BudgetProbe.csproj" />
    <Project Path="tests/BiscuitSharp.Tests/BiscuitSharp.Tests.csproj" />
  </Folder>
  <Folder Name="/samples/">
    <Project Path="samples/BiscuitSharp.Smoke/BiscuitSharp.Smoke.csproj" />
    <Project Path="samples/BiscuitSharp.AotSmoke/BiscuitSharp.AotSmoke.csproj" />
  </Folder>
</Solution>
